// !$*UTF8*$!
{
    archiveVersion = 1;
    classes = {};
    objectVersion = 60;
    objects = {
        F79DE4BEAE5A48A4190C08E0 = {
            isa = PBXBuildFile;
            fileRef = DF4312B3E699D81A9FC2C7D2;
        };
        E96724568C30B615B5E5C6E2 = {
            isa = PBXBuildFile;
            fileRef = AC47B4BB31FE9EDBD683874F;
        };
        45EA321274A61DCD63AA47E7 = {
            isa = PBXBuildFile;
            fileRef = 900A3D1AE75B83CDB40D960B;
        };
        218353AFFC507970A3413C57 = {
            isa = PBXBuildFile;
            fileRef = 8E7823BE87F3BDC8F7CE84AE;
        };
        CDB539AEE5707F6A49592A05 = {
            isa = PBXBuildFile;
            fileRef = 4FED06F8F6AD637EC06CCF28;
        };
        03A6FDE19EC93F61D4C3FDB7 = {
            isa = PBXBuildFile;
            fileRef = 29DE2042899931F92FB1C3C9;
        };
        C0EEDB54D288F03178D45E78 = {
            isa = PBXBuildFile;
            fileRef = 23448417BCE5A1DC728960CC;
        };
        D3B301AFE3B5047DFC0CC9F0 = {
            isa = PBXBuildFile;
            fileRef = 4EB37EECC9DC83E0E61DDFD9;
        };
        9E0B3E9408440717EB7BFCB6 = {
            isa = PBXBuildFile;
            fileRef = C576711F2A1DD05C8349EA47;
        };
        5E6F7A8B9C0D1E2F3A4B5C6D = {
            isa = PBXBuildFile;
            fileRef = 6F7A8B9C0D1E2F3A4B5C6D7E;
        };
        6F7A8B9C0D1E2F3A4B5C6D7E = {
            isa = PBXFileReference;
            lastKnownFileType = image.icns;
            path = "BUSY/Config/AppIcon.icns";
            sourceTree = "<group>";
        };
        A86D5B01EEEF502A06FA98CA = {
            isa = PBXBuildFile;
            fileRef = D517A7AB7CC57630D5C71AA3;
        };
        7B1E5C2A9D4F6A8B3C0E1D22 = {
            isa = PBXBuildFile;
            fileRef = 5A9C3E7B1D2F4A6C8E0B2D44;
        };
        1C2D3E4F5A6B7C8D9E0F1A2B = {
            isa = PBXBuildFile;
            fileRef = 2B3C4D5E6F7A8B9C0D1E2F3A;
        };
        3C4D5E6F7A8B9C0D1E2F3A4B = {
            isa = PBXBuildFile;
            fileRef = 4D5E6F7A8B9C0D1E2F3A4B5C;
        };
        4D5E6F7A8B9C0D1E2F3A4B5C = {
            isa = PBXFileReference;
            lastKnownFileType = sourcecode.swift;
            path = "BUSY/UI/AppStatsView.swift";
            sourceTree = "<group>";
        };
        2B3C4D5E6F7A8B9C0D1E2F3A = {
            isa = PBXFileReference;
            lastKnownFileType = sourcecode.swift;
            path = "BUSY/UI/Theme.swift";
            sourceTree = "<group>";
        };
        5A9C3E7B1D2F4A6C8E0B2D44 = {
            isa = PBXFileReference;
            lastKnownFileType = sourcecode.swift;
            path = "BUSY/UI/RulesEditorView.swift";
            sourceTree = "<group>";
        };
        DF4312B3E699D81A9FC2C7D2 = {
            isa = PBXFileReference;
            lastKnownFileType = sourcecode.swift;
            path = "BUSY/App/BUSYApp.swift";
            sourceTree = "<group>";
        };
        AC47B4BB31FE9EDBD683874F = {
            isa = PBXFileReference;
            lastKnownFileType = sourcecode.swift;
            path = "BUSY/Core/Sampler.swift";
            sourceTree = "<group>";
        };
        900A3D1AE75B83CDB40D960B = {
            isa = PBXFileReference;
            lastKnownFileType = sourcecode.swift;
            path = "BUSY/Core/Classifier.swift";
            sourceTree = "<group>";
        };
        8E7823BE87F3BDC8F7CE84AE = {
            isa = PBXFileReference;
            lastKnownFileType = sourcecode.swift;
            path = "BUSY/Core/Rules.swift";
            sourceTree = "<group>";
        };
        4FED06F8F6AD637EC06CCF28 = {
            isa = PBXFileReference;
            lastKnownFileType = sourcecode.swift;
            path = "BUSY/Core/BrowserURLReader.swift";
            sourceTree = "<group>";
        };
        29DE2042899931F92FB1C3C9 = {
            isa = PBXFileReference;
            lastKnownFileType = sourcecode.swift;
            path = "BUSY/Storage/Database.swift";
            sourceTree = "<group>";
        };
        23448417BCE5A1DC728960CC = {
            isa = PBXFileReference;
            lastKnownFileType = sourcecode.swift;
            path = "BUSY/Storage/Session.swift";
            sourceTree = "<group>";
        };
        4EB37EECC9DC83E0E61DDFD9 = {
            isa = PBXFileReference;
            lastKnownFileType = sourcecode.swift;
            path = "BUSY/UI/StatusBarView.swift";
            sourceTree = "<group>";
        };
        C576711F2A1DD05C8349EA47 = {
            isa = PBXFileReference;
            lastKnownFileType = sourcecode.swift;
            path = "BUSY/UI/RecapView.swift";
            sourceTree = "<group>";
        };
        D517A7AB7CC57630D5C71AA3 = {
            isa = PBXFileReference;
            lastKnownFileType = text.json;
            path = "BUSY/Config/rules.json";
            sourceTree = "<group>";
        };
        A172CEDCAE47474B615C54D5 = {
            isa = PBXFileReference;
            explicitFileType = wrapper.application;
            includeInIndex = 0;
            path = BUSY.app;
            sourceTree = BUILT_PRODUCTS_DIR;
        };
        0D6E4079E36703EBD37C0072 = {
            isa = PBXGroup;
            children = (DF4312B3E699D81A9FC2C7D2, AC47B4BB31FE9EDBD683874F, 900A3D1AE75B83CDB40D960B, 8E7823BE87F3BDC8F7CE84AE, 4FED06F8F6AD637EC06CCF28, 29DE2042899931F92FB1C3C9, 23448417BCE5A1DC728960CC, 4EB37EECC9DC83E0E61DDFD9, C576711F2A1DD05C8349EA47, 5A9C3E7B1D2F4A6C8E0B2D44, 2B3C4D5E6F7A8B9C0D1E2F3A, 4D5E6F7A8B9C0D1E2F3A4B5C, D517A7AB7CC57630D5C71AA3, 6F7A8B9C0D1E2F3A4B5C6D7E, 0A3E27B8CA818264D75C8D81);
            sourceTree = "<group>";
        };
        0A3E27B8CA818264D75C8D81 = {
            isa = PBXGroup;
            children = (A172CEDCAE47474B615C54D5);
            name = Products;
            sourceTree = "<group>";
        };
        878A52FC5FF6A57D50B7B870 = {
            isa = PBXSourcesBuildPhase;
            buildActionMask = 2147483647;
            files = (F79DE4BEAE5A48A4190C08E0, E96724568C30B615B5E5C6E2, 45EA321274A61DCD63AA47E7, 218353AFFC507970A3413C57, CDB539AEE5707F6A49592A05, 03A6FDE19EC93F61D4C3FDB7, C0EEDB54D288F03178D45E78, D3B301AFE3B5047DFC0CC9F0, 9E0B3E9408440717EB7BFCB6, 7B1E5C2A9D4F6A8B3C0E1D22, 1C2D3E4F5A6B7C8D9E0F1A2B, 3C4D5E6F7A8B9C0D1E2F3A4B);
            runOnlyForDeploymentPostprocessing = 0;
        };
        41D311A605520FC7B8B9A980 = {
            isa = PBXResourcesBuildPhase;
            buildActionMask = 2147483647;
            files = (A86D5B01EEEF502A06FA98CA, 5E6F7A8B9C0D1E2F3A4B5C6D);
            runOnlyForDeploymentPostprocessing = 0;
        };
        E2AA269EB967A8853A258BFA = {
            isa = PBXFrameworksBuildPhase;
            buildActionMask = 2147483647;
            files = ();
            runOnlyForDeploymentPostprocessing = 0;
        };
        34A04005BCAF206EEC990BD9 = {
            isa = PBXNativeTarget;
            buildConfigurationList = 1B672BF3DA427763BF644BE3;
            buildPhases = (878A52FC5FF6A57D50B7B870, E2AA269EB967A8853A258BFA, 41D311A605520FC7B8B9A980);
            buildRules = ();
            dependencies = ();
            name = BUSY;
            productName = BUSY;
            productReference = A172CEDCAE47474B615C54D5;
            productType = "com.apple.product-type.application";
        };
        244210E48437B6556980A702 = {
            isa = PBXProject;
            attributes = { LastUpgradeCheck = 2700; };
            buildConfigurationList = 76F8DEC3DFE0BDB465198890;
            compatibilityVersion = "Xcode 15.0";
            developmentRegion = en;
            hasScannedForEncodings = 0;
            knownRegions = (en, Base);
            mainGroup = 0D6E4079E36703EBD37C0072;
            productRefGroup = 0A3E27B8CA818264D75C8D81;
            projectDirPath = "";
            projectRoot = "";
            targets = (34A04005BCAF206EEC990BD9);
        };
        76F8DEC3DFE0BDB465198890 = {
            isa = XCConfigurationList;
            buildConfigurations = (4E9E7646FE29D2E8AEC6B4A2, 7A1B5FB48615FB48EA9E8CB1);
            defaultConfigurationIsVisible = 0;
            defaultConfigurationName = Release;
        };
        1B672BF3DA427763BF644BE3 = {
            isa = XCConfigurationList;
            buildConfigurations = (E2CD98AD757E673DBAC85E14, 892ED5189A081C8E8ACE8CEC);
            defaultConfigurationIsVisible = 0;
            defaultConfigurationName = Release;
        };
        4E9E7646FE29D2E8AEC6B4A2 = {
            isa = XCBuildConfiguration;
            buildSettings = {
                CLANG_ENABLE_MODULES = YES;
                CODE_SIGN_STYLE = Manual;
                MACOSX_DEPLOYMENT_TARGET = 14.0;
                SDKROOT = macosx;
            };
            name = Debug;
        };
        7A1B5FB48615FB48EA9E8CB1 = {
            isa = XCBuildConfiguration;
            buildSettings = {
                CLANG_ENABLE_MODULES = YES;
                CODE_SIGN_STYLE = Manual;
                MACOSX_DEPLOYMENT_TARGET = 14.0;
                SDKROOT = macosx;
            };
            name = Release;
        };
        E2CD98AD757E673DBAC85E14 = {
            isa = XCBuildConfiguration;
            buildSettings = {
                CODE_SIGN_ENTITLEMENTS = BUSY.entitlements;
                CODE_SIGN_IDENTITY = "-";
                CODE_SIGN_STYLE = Manual;
                ENABLE_HARDENED_RUNTIME = YES;
                GENERATE_INFOPLIST_FILE = YES;
                INFOPLIST_KEY_CFBundleDisplayName = BUSY;
                INFOPLIST_FILE = "BUSY/Config/Info.plist";
                MARKETING_VERSION = 1.4.1;
                CURRENT_PROJECT_VERSION = 2;
                INFOPLIST_KEY_LSUIElement = YES;
                INFOPLIST_KEY_NSAppleEventsUsageDescription = "BUSY legge l’URL della scheda attiva di Safari, Chrome e Arc per classificare il tempo trascorso sull’app in primo piano.";
                MACOSX_DEPLOYMENT_TARGET = 14.0;
                OTHER_LDFLAGS = ("$(inherited)", "-lsqlite3");
                PRODUCT_BUNDLE_IDENTIFIER = com.teemoteeo.BUSY;
                PRODUCT_NAME = BUSY;
                SWIFT_STRICT_CONCURRENCY = minimal;
                SWIFT_VERSION = 5.0;
            };
            name = Debug;
        };
        892ED5189A081C8E8ACE8CEC = {
            isa = XCBuildConfiguration;
            buildSettings = {
                CODE_SIGN_ENTITLEMENTS = BUSY.entitlements;
                CODE_SIGN_IDENTITY = "-";
                CODE_SIGN_STYLE = Manual;
                ENABLE_HARDENED_RUNTIME = YES;
                GENERATE_INFOPLIST_FILE = YES;
                INFOPLIST_KEY_CFBundleDisplayName = BUSY;
                INFOPLIST_FILE = "BUSY/Config/Info.plist";
                MARKETING_VERSION = 1.4.1;
                CURRENT_PROJECT_VERSION = 2;
                INFOPLIST_KEY_LSUIElement = YES;
                INFOPLIST_KEY_NSAppleEventsUsageDescription = "BUSY legge l’URL della scheda attiva di Safari, Chrome e Arc per classificare il tempo trascorso sull’app in primo piano.";
                MACOSX_DEPLOYMENT_TARGET = 14.0;
                OTHER_LDFLAGS = ("$(inherited)", "-lsqlite3");
                PRODUCT_BUNDLE_IDENTIFIER = com.teemoteeo.BUSY;
                PRODUCT_NAME = BUSY;
                SWIFT_STRICT_CONCURRENCY = minimal;
                SWIFT_VERSION = 5.0;
            };
            name = Release;
        };
    };
    rootObject = 244210E48437B6556980A702;
}
